
Microsoft Visual Studio Solution File, Format Version 12.00
# Visual Studio 15
VisualStudioVersion = 15.0.28307.902
MinimumVisualStudioVersion = 10.0.40219.1
Project("{FAE04EC0-301F-11D3-BF4B-00C04F79EFBC}") = "EditableGeometry", "EditableGeometry\EditableGeometry.csproj", "{80A68862-A336-4550-833D-E2FAC627CE1C}"
EndProject
Global
	GlobalSection(SolutionConfigurationPlatforms) = preSolution
		Debug|Any CPU = Debug|Any CPU
		Release|Any CPU = Release|Any CPU
	EndGlobalSection
	GlobalSection(ProjectConfigurationPlatforms) = postSolution
		{80A68862-A336-4550-833D-E2FAC627CE1C}.Debug|Any CPU.ActiveCfg = Debug|Any CPU
		{80A68862-A336-4550-833D-E2FAC627CE1C}.Debug|Any CPU.Build.0 = Debug|Any CPU
		{80A68862-A336-4550-833D-E2FAC627CE1C}.Release|Any CPU.ActiveCfg = Release|Any CPU
		{80A68862-A336-4550-833D-E2FAC627CE1C}.Release|Any CPU.Build.0 = Release|Any CPU
	EndGlobalSection
	GlobalSection(SolutionProperties) = preSolution
		HideSolutionNode = FALSE
	EndGlobalSection
	GlobalSection(ExtensibilityGlobals) = postSolution
		SolutionGuid = {89390E23-62BC-4F3C-9881-C295E74B20BA}
	EndGlobalSection
EndGlobal
